
Microsoft Visual Studio Solution File, Format Version 12.00
# Visual Studio Express 2012 for Windows Desktop
Project("{FAE04EC0-301F-11D3-BF4B-00C04F79EFBC}") = "kf_sql", "kf_sql\kf_sql.csproj", "{25CE37E9-AE7C-4A75-845D-31B4510559AB}"
EndProject
Global
	GlobalSection(SolutionConfigurationPlatforms) = preSolution
		Debug|Any CPU = Debug|Any CPU
		Release|Any CPU = Release|Any CPU
	EndGlobalSection
	GlobalSection(ProjectConfigurationPlatforms) = postSolution
		{25CE37E9-AE7C-4A75-845D-31B4510559AB}.Debug|Any CPU.ActiveCfg = Debug|Any CPU
		{25CE37E9-AE7C-4A75-845D-31B4510559AB}.Debug|Any CPU.Build.0 = Debug|Any CPU
		{25CE37E9-AE7C-4A75-845D-31B4510559AB}.Release|Any CPU.ActiveCfg = Release|Any CPU
		{25CE37E9-AE7C-4A75-845D-31B4510559AB}.Release|Any CPU.Build.0 = Release|Any CPU
	EndGlobalSection
	GlobalSection(SolutionProperties) = preSolution
		HideSolutionNode = FALSE
	EndGlobalSection
EndGlobal
